
Microsoft Visual Studio Solution File, Format Version 12.00
# Visual Studio Version 16
VisualStudioVersion = 16.0.31005.135
MinimumVisualStudioVersion = 10.0.40219.1
Project("{FAE04EC0-301F-11D3-BF4B-00C04F79EFBC}") = "FormDataValidation", "FormDataValidation\FormDataValidation.csproj", "{384C8B34-2359-4689-82A3-0D84713609F9}"
EndProject
Global
	GlobalSection(SolutionConfigurationPlatforms) = preSolution
		Debug|Any CPU = Debug|Any CPU
		Release|Any CPU = Release|Any CPU
	EndGlobalSection
	GlobalSection(ProjectConfigurationPlatforms) = postSolution
		{384C8B34-2359-4689-82A3-0D84713609F9}.Debug|Any CPU.ActiveCfg = Debug|Any CPU
		{384C8B34-2359-4689-82A3-0D84713609F9}.Debug|Any CPU.Build.0 = Debug|Any CPU
		{384C8B34-2359-4689-82A3-0D84713609F9}.Release|Any CPU.ActiveCfg = Release|Any CPU
		{384C8B34-2359-4689-82A3-0D84713609F9}.Release|Any CPU.Build.0 = Release|Any CPU
	EndGlobalSection
	GlobalSection(SolutionProperties) = preSolution
		HideSolutionNode = FALSE
	EndGlobalSection
	GlobalSection(ExtensibilityGlobals) = postSolution
		SolutionGuid = {573E37CD-F415-4BCF-98A0-0929E4B42C16}
	EndGlobalSection
EndGlobal
